
Microsoft Visual Studio Solution File, Format Version 12.00
# Visual Studio 2012
Project("{FAE04EC0-301F-11D3-BF4B-00C04F79EFBC}") = "Chapter1_1-1_L1-1", "Chapter1_1-1_L1-1\Chapter1_1-1_L1-1.csproj", "{648FA5A4-3180-431D-9230-4B2D9D643B8C}"
EndProject
Project("{FAE04EC0-301F-11D3-BF4B-00C04F79EFBC}") = "Chapter1_1-1_L1-2", "Chapter1_1-1_L1-2\Chapter1_1-1_L1-2.csproj", "{7DEB1295-34BA-40DC-AF77-076D83246931}"
EndProject
Project("{FAE04EC0-301F-11D3-BF4B-00C04F79EFBC}") = "Chapter1_1-1_L1-3", "Chapter1_1-1_L1-3\Chapter1_1-1_L1-3.csproj", "{B912A3BB-F249-4709-A4D0-22AFBB0C5D13}"
EndProject
Project("{FAE04EC0-301F-11D3-BF4B-00C04F79EFBC}") = "Chapter1_1-1_L1-4", "Chapter1_1-1_L1-4\Chapter1_1-1_L1-4.csproj", "{98C86D24-7BE0-43C7-A4E8-4FFD4E34715E}"
EndProject
Project("{FAE04EC0-301F-11D3-BF4B-00C04F79EFBC}") = "Chapter1_1-1_L1-5", "Chapter1_1-1_L1-5\Chapter1_1-1_L1-5.csproj", "{D256D03E-9F0E-41E4-9BA3-93037F4F341E}"
EndProject
Project("{FAE04EC0-301F-11D3-BF4B-00C04F79EFBC}") = "Chapter1_1-1_L1-6", "Chapter1_1-1_L1-6\Chapter1_1-1_L1-6.csproj", "{D066FEEC-388B-4728-839F-53FE5E467BF3}"
EndProject
Global
	GlobalSection(SolutionConfigurationPlatforms) = preSolution
		Debug|Any CPU = Debug|Any CPU
		Release|Any CPU = Release|Any CPU
	EndGlobalSection
	GlobalSection(ProjectConfigurationPlatforms) = postSolution
		{648FA5A4-3180-431D-9230-4B2D9D643B8C}.Debug|Any CPU.ActiveCfg = Debug|Any CPU
		{648FA5A4-3180-431D-9230-4B2D9D643B8C}.Debug|Any CPU.Build.0 = Debug|Any CPU
		{648FA5A4-3180-431D-9230-4B2D9D643B8C}.Release|Any CPU.ActiveCfg = Release|Any CPU
		{648FA5A4-3180-431D-9230-4B2D9D643B8C}.Release|Any CPU.Build.0 = Release|Any CPU
		{7DEB1295-34BA-40DC-AF77-076D83246931}.Debug|Any CPU.ActiveCfg = Debug|Any CPU
		{7DEB1295-34BA-40DC-AF77-076D83246931}.Debug|Any CPU.Build.0 = Debug|Any CPU
		{7DEB1295-34BA-40DC-AF77-076D83246931}.Release|Any CPU.ActiveCfg = Release|Any CPU
		{7DEB1295-34BA-40DC-AF77-076D83246931}.Release|Any CPU.Build.0 = Release|Any CPU
		{B912A3BB-F249-4709-A4D0-22AFBB0C5D13}.Debug|Any CPU.ActiveCfg = Debug|Any CPU
		{B912A3BB-F249-4709-A4D0-22AFBB0C5D13}.Debug|Any CPU.Build.0 = Debug|Any CPU
		{B912A3BB-F249-4709-A4D0-22AFBB0C5D13}.Release|Any CPU.ActiveCfg = Release|Any CPU
		{B912A3BB-F249-4709-A4D0-22AFBB0C5D13}.Release|Any CPU.Build.0 = Release|Any CPU
		{98C86D24-7BE0-43C7-A4E8-4FFD4E34715E}.Debug|Any CPU.ActiveCfg = Debug|Any CPU
		{98C86D24-7BE0-43C7-A4E8-4FFD4E34715E}.Debug|Any CPU.Build.0 = Debug|Any CPU
		{98C86D24-7BE0-43C7-A4E8-4FFD4E34715E}.Release|Any CPU.ActiveCfg = Release|Any CPU
		{98C86D24-7BE0-43C7-A4E8-4FFD4E34715E}.Release|Any CPU.Build.0 = Release|Any CPU
		{D256D03E-9F0E-41E4-9BA3-93037F4F341E}.Debug|Any CPU.ActiveCfg = Debug|Any CPU
		{D256D03E-9F0E-41E4-9BA3-93037F4F341E}.Debug|Any CPU.Build.0 = Debug|Any CPU
		{D256D03E-9F0E-41E4-9BA3-93037F4F341E}.Release|Any CPU.ActiveCfg = Release|Any CPU
		{D256D03E-9F0E-41E4-9BA3-93037F4F341E}.Release|Any CPU.Build.0 = Release|Any CPU
		{D066FEEC-388B-4728-839F-53FE5E467BF3}.Debug|Any CPU.ActiveCfg = Debug|Any CPU
		{D066FEEC-388B-4728-839F-53FE5E467BF3}.Debug|Any CPU.Build.0 = Debug|Any CPU
		{D066FEEC-388B-4728-839F-53FE5E467BF3}.Release|Any CPU.ActiveCfg = Release|Any CPU
		{D066FEEC-388B-4728-839F-53FE5E467BF3}.Release|Any CPU.Build.0 = Release|Any CPU
	EndGlobalSection
	GlobalSection(SolutionProperties) = preSolution
		HideSolutionNode = FALSE
	EndGlobalSection
EndGlobal
