
Microsoft Visual Studio Solution File, Format Version 12.00
# Visual Studio 2012
Project("{FAE04EC0-301F-11D3-BF4B-00C04F79EFBC}") = "Chapter1_1.1", "Chapter1_1.1\Chapter1_1.1.csproj", "{648FA5A4-3180-431D-9230-4B2D9D643B8C}"
EndProject
Global
	GlobalSection(SolutionConfigurationPlatforms) = preSolution
		Debug|Any CPU = Debug|Any CPU
		Release|Any CPU = Release|Any CPU
	EndGlobalSection
	GlobalSection(ProjectConfigurationPlatforms) = postSolution
		{648FA5A4-3180-431D-9230-4B2D9D643B8C}.Debug|Any CPU.ActiveCfg = Debug|Any CPU
		{648FA5A4-3180-431D-9230-4B2D9D643B8C}.Debug|Any CPU.Build.0 = Debug|Any CPU
		{648FA5A4-3180-431D-9230-4B2D9D643B8C}.Release|Any CPU.ActiveCfg = Release|Any CPU
		{648FA5A4-3180-431D-9230-4B2D9D643B8C}.Release|Any CPU.Build.0 = Release|Any CPU
	EndGlobalSection
	GlobalSection(SolutionProperties) = preSolution
		HideSolutionNode = FALSE
	EndGlobalSection
EndGlobal
